
Microsoft Visual Studio Solution File, Format Version 12.00
# Visual Studio Version 16
VisualStudioVersion = 16.0.33529.622
MinimumVisualStudioVersion = 10.0.40219.1
Project("{8BC9CEB8-8B4A-11D0-8D11-00A0C91BC942}") = "001_KvadratiKybi", "001_KvadratiKybi\001_KvadratiKybi.vcxproj", "{67288E1E-3FAE-4F9B-9E8F-D49783F92D1A}"
EndProject
Project("{8BC9CEB8-8B4A-11D0-8D11-00A0C91BC942}") = "002_Squares", "002_Squares\002_Squares.vcxproj", "{AA076478-3D14-430F-B304-DA9CE76B3CF4}"
EndProject
Project("{8BC9CEB8-8B4A-11D0-8D11-00A0C91BC942}") = "003_SumOfSquares", "003_SumOfSquares\003_SumOfSquares.vcxproj", "{71C45508-1DBE-4E12-B207-B192CEAF73DA}"
EndProject
Project("{8BC9CEB8-8B4A-11D0-8D11-00A0C91BC942}") = "004_ThreeDigits", "004_ThreeDigits\004_ThreeDigits.vcxproj", "{9F13C4AC-78D3-4B6E-98DF-285D96407406}"
EndProject
Project("{8BC9CEB8-8B4A-11D0-8D11-00A0C91BC942}") = "005_SumOfDigits", "005_SumOfDigits\005_SumOfDigits.vcxproj", "{471CC160-6C32-4612-BD57-4F5531EE36D4}"
EndProject
Project("{8BC9CEB8-8B4A-11D0-8D11-00A0C91BC942}") = "006_SameNumbersSideBySide", "006_SameNumbersSideBySide\006_SameNumbersSideBySide.vcxproj", "{A2608D01-ACCA-4C49-94F9-F736BE4CD040}"
EndProject
Project("{8BC9CEB8-8B4A-11D0-8D11-00A0C91BC942}") = "007_SameNumberNotClose", "007_SameNumberNotClose\007_SameNumberNotClose.vcxproj", "{4641AB44-8F27-4320-A59A-CD95FE696922}"
EndProject
Project("{8BC9CEB8-8B4A-11D0-8D11-00A0C91BC942}") = "008_Exacity_1_Digit_9", "008_Exacity_1_Digit_9\008_Exacity_1_Digit_9.vcxproj", "{89A7F329-95CF-45A6-BB5A-25DB6FDA6005}"
EndProject
Project("{8BC9CEB8-8B4A-11D0-8D11-00A0C91BC942}") = "009_EvenNumbers", "009_EvenNumbers\009_EvenNumbers.vcxproj", "{6FAC2818-EC8E-4A07-9E0F-4E161A315513}"
EndProject
Project("{8BC9CEB8-8B4A-11D0-8D11-00A0C91BC942}") = "010_InAscendingOrder", "010_InAscendingOrder\010_InAscendingOrder.vcxproj", "{7ECE2764-B14E-430F-B1E3-091EAA74052B}"
EndProject
Project("{8BC9CEB8-8B4A-11D0-8D11-00A0C91BC942}") = "011_InvertedNumber", "011_InvertedNumber\011_InvertedNumber.vcxproj", "{214255C6-9B2E-43AB-B4BB-458FF6978C9E}"
EndProject
Project("{8BC9CEB8-8B4A-11D0-8D11-00A0C91BC942}") = "012_AlgoritmEvklida_1", "012_AlgoritmEvklida_1\012_AlgoritmEvklida_1.vcxproj", "{D0A3C3A7-2646-46E6-AA22-2724E27CA705}"
EndProject
Project("{8BC9CEB8-8B4A-11D0-8D11-00A0C91BC942}") = "013_AlgoritmEvklidaModificirovannii_2", "013_AlgoritmEvklidaModificirovannii_2\013_AlgoritmEvklidaModificirovannii_2.vcxproj", "{04CF3F91-179B-4BAE-9208-CB479636D411}"
EndProject
Project("{8BC9CEB8-8B4A-11D0-8D11-00A0C91BC942}") = "014_AlgoritmEvklidaModificirovannii_3", "014_AlgoritmEvklidaModificirovannii_3\014_AlgoritmEvklidaModificirovannii_3.vcxproj", "{3E6711E1-9ED3-487B-89AB-09AFECF5AE11}"
EndProject
Project("{8BC9CEB8-8B4A-11D0-8D11-00A0C91BC942}") = "015_SequenceSum", "015_SequenceSum\015_SequenceSum.vcxproj", "{B4585CB0-DF00-443F-9B10-3CCE91DC5F64}"
EndProject
Project("{8BC9CEB8-8B4A-11D0-8D11-00A0C91BC942}") = "016_SequenceSum_2", "016_SequenceSum_2\016_SequenceSum_2.vcxproj", "{5F0F5868-75E3-4844-8D1B-1C12FA5A7899}"
EndProject
Global
	GlobalSection(SolutionConfigurationPlatforms) = preSolution
		Debug|x64 = Debug|x64
		Debug|x86 = Debug|x86
		Release|x64 = Release|x64
		Release|x86 = Release|x86
	EndGlobalSection
	GlobalSection(ProjectConfigurationPlatforms) = postSolution
		{67288E1E-3FAE-4F9B-9E8F-D49783F92D1A}.Debug|x64.ActiveCfg = Debug|x64
		{67288E1E-3FAE-4F9B-9E8F-D49783F92D1A}.Debug|x64.Build.0 = Debug|x64
		{67288E1E-3FAE-4F9B-9E8F-D49783F92D1A}.Debug|x86.ActiveCfg = Debug|Win32
		{67288E1E-3FAE-4F9B-9E8F-D49783F92D1A}.Debug|x86.Build.0 = Debug|Win32
		{67288E1E-3FAE-4F9B-9E8F-D49783F92D1A}.Release|x64.ActiveCfg = Release|x64
		{67288E1E-3FAE-4F9B-9E8F-D49783F92D1A}.Release|x64.Build.0 = Release|x64
		{67288E1E-3FAE-4F9B-9E8F-D49783F92D1A}.Release|x86.ActiveCfg = Release|Win32
		{67288E1E-3FAE-4F9B-9E8F-D49783F92D1A}.Release|x86.Build.0 = Release|Win32
		{AA076478-3D14-430F-B304-DA9CE76B3CF4}.Debug|x64.ActiveCfg = Debug|x64
		{AA076478-3D14-430F-B304-DA9CE76B3CF4}.Debug|x64.Build.0 = Debug|x64
		{AA076478-3D14-430F-B304-DA9CE76B3CF4}.Debug|x86.ActiveCfg = Debug|Win32
		{AA076478-3D14-430F-B304-DA9CE76B3CF4}.Debug|x86.Build.0 = Debug|Win32
		{AA076478-3D14-430F-B304-DA9CE76B3CF4}.Release|x64.ActiveCfg = Release|x64
		{AA076478-3D14-430F-B304-DA9CE76B3CF4}.Release|x64.Build.0 = Release|x64
		{AA076478-3D14-430F-B304-DA9CE76B3CF4}.Release|x86.ActiveCfg = Release|Win32
		{AA076478-3D14-430F-B304-DA9CE76B3CF4}.Release|x86.Build.0 = Release|Win32
		{71C45508-1DBE-4E12-B207-B192CEAF73DA}.Debug|x64.ActiveCfg = Debug|x64
		{71C45508-1DBE-4E12-B207-B192CEAF73DA}.Debug|x64.Build.0 = Debug|x64
		{71C45508-1DBE-4E12-B207-B192CEAF73DA}.Debug|x86.ActiveCfg = Debug|Win32
		{71C45508-1DBE-4E12-B207-B192CEAF73DA}.Debug|x86.Build.0 = Debug|Win32
		{71C45508-1DBE-4E12-B207-B192CEAF73DA}.Release|x64.ActiveCfg = Release|x64
		{71C45508-1DBE-4E12-B207-B192CEAF73DA}.Release|x64.Build.0 = Release|x64
		{71C45508-1DBE-4E12-B207-B192CEAF73DA}.Release|x86.ActiveCfg = Release|Win32
		{71C45508-1DBE-4E12-B207-B192CEAF73DA}.Release|x86.Build.0 = Release|Win32
		{9F13C4AC-78D3-4B6E-98DF-285D96407406}.Debug|x64.ActiveCfg = Debug|x64
		{9F13C4AC-78D3-4B6E-98DF-285D96407406}.Debug|x64.Build.0 = Debug|x64
		{9F13C4AC-78D3-4B6E-98DF-285D96407406}.Debug|x86.ActiveCfg = Debug|Win32
		{9F13C4AC-78D3-4B6E-98DF-285D96407406}.Debug|x86.Build.0 = Debug|Win32
		{9F13C4AC-78D3-4B6E-98DF-285D96407406}.Release|x64.ActiveCfg = Release|x64
		{9F13C4AC-78D3-4B6E-98DF-285D96407406}.Release|x64.Build.0 = Release|x64
		{9F13C4AC-78D3-4B6E-98DF-285D96407406}.Release|x86.ActiveCfg = Release|Win32
		{9F13C4AC-78D3-4B6E-98DF-285D96407406}.Release|x86.Build.0 = Release|Win32
		{471CC160-6C32-4612-BD57-4F5531EE36D4}.Debug|x64.ActiveCfg = Debug|x64
		{471CC160-6C32-4612-BD57-4F5531EE36D4}.Debug|x64.Build.0 = Debug|x64
		{471CC160-6C32-4612-BD57-4F5531EE36D4}.Debug|x86.ActiveCfg = Debug|Win32
		{471CC160-6C32-4612-BD57-4F5531EE36D4}.Debug|x86.Build.0 = Debug|Win32
		{471CC160-6C32-4612-BD57-4F5531EE36D4}.Release|x64.ActiveCfg = Release|x64
		{471CC160-6C32-4612-BD57-4F5531EE36D4}.Release|x64.Build.0 = Release|x64
		{471CC160-6C32-4612-BD57-4F5531EE36D4}.Release|x86.ActiveCfg = Release|Win32
		{471CC160-6C32-4612-BD57-4F5531EE36D4}.Release|x86.Build.0 = Release|Win32
		{A2608D01-ACCA-4C49-94F9-F736BE4CD040}.Debug|x64.ActiveCfg = Debug|x64
		{A2608D01-ACCA-4C49-94F9-F736BE4CD040}.Debug|x64.Build.0 = Debug|x64
		{A2608D01-ACCA-4C49-94F9-F736BE4CD040}.Debug|x86.ActiveCfg = Debug|Win32
		{A2608D01-ACCA-4C49-94F9-F736BE4CD040}.Debug|x86.Build.0 = Debug|Win32
		{A2608D01-ACCA-4C49-94F9-F736BE4CD040}.Release|x64.ActiveCfg = Release|x64
		{A2608D01-ACCA-4C49-94F9-F736BE4CD040}.Release|x64.Build.0 = Release|x64
		{A2608D01-ACCA-4C49-94F9-F736BE4CD040}.Release|x86.ActiveCfg = Release|Win32
		{A2608D01-ACCA-4C49-94F9-F736BE4CD040}.Release|x86.Build.0 = Release|Win32
		{4641AB44-8F27-4320-A59A-CD95FE696922}.Debug|x64.ActiveCfg = Debug|x64
		{4641AB44-8F27-4320-A59A-CD95FE696922}.Debug|x64.Build.0 = Debug|x64
		{4641AB44-8F27-4320-A59A-CD95FE696922}.Debug|x86.ActiveCfg = Debug|Win32
		{4641AB44-8F27-4320-A59A-CD95FE696922}.Debug|x86.Build.0 = Debug|Win32
		{4641AB44-8F27-4320-A59A-CD95FE696922}.Release|x64.ActiveCfg = Release|x64
		{4641AB44-8F27-4320-A59A-CD95FE696922}.Release|x64.Build.0 = Release|x64
		{4641AB44-8F27-4320-A59A-CD95FE696922}.Release|x86.ActiveCfg = Release|Win32
		{4641AB44-8F27-4320-A59A-CD95FE696922}.Release|x86.Build.0 = Release|Win32
		{89A7F329-95CF-45A6-BB5A-25DB6FDA6005}.Debug|x64.ActiveCfg = Debug|x64
		{89A7F329-95CF-45A6-BB5A-25DB6FDA6005}.Debug|x64.Build.0 = Debug|x64
		{89A7F329-95CF-45A6-BB5A-25DB6FDA6005}.Debug|x86.ActiveCfg = Debug|Win32
		{89A7F329-95CF-45A6-BB5A-25DB6FDA6005}.Debug|x86.Build.0 = Debug|Win32
		{89A7F329-95CF-45A6-BB5A-25DB6FDA6005}.Release|x64.ActiveCfg = Release|x64
		{89A7F329-95CF-45A6-BB5A-25DB6FDA6005}.Release|x64.Build.0 = Release|x64
		{89A7F329-95CF-45A6-BB5A-25DB6FDA6005}.Release|x86.ActiveCfg = Release|Win32
		{89A7F329-95CF-45A6-BB5A-25DB6FDA6005}.Release|x86.Build.0 = Release|Win32
		{6FAC2818-EC8E-4A07-9E0F-4E161A315513}.Debug|x64.ActiveCfg = Debug|x64
		{6FAC2818-EC8E-4A07-9E0F-4E161A315513}.Debug|x64.Build.0 = Debug|x64
		{6FAC2818-EC8E-4A07-9E0F-4E161A315513}.Debug|x86.ActiveCfg = Debug|Win32
		{6FAC2818-EC8E-4A07-9E0F-4E161A315513}.Debug|x86.Build.0 = Debug|Win32
		{6FAC2818-EC8E-4A07-9E0F-4E161A315513}.Release|x64.ActiveCfg = Release|x64
		{6FAC2818-EC8E-4A07-9E0F-4E161A315513}.Release|x64.Build.0 = Release|x64
		{6FAC2818-EC8E-4A07-9E0F-4E161A315513}.Release|x86.ActiveCfg = Release|Win32
		{6FAC2818-EC8E-4A07-9E0F-4E161A315513}.Release|x86.Build.0 = Release|Win32
		{7ECE2764-B14E-430F-B1E3-091EAA74052B}.Debug|x64.ActiveCfg = Debug|x64
		{7ECE2764-B14E-430F-B1E3-091EAA74052B}.Debug|x64.Build.0 = Debug|x64
		{7ECE2764-B14E-430F-B1E3-091EAA74052B}.Debug|x86.ActiveCfg = Debug|Win32
		{7ECE2764-B14E-430F-B1E3-091EAA74052B}.Debug|x86.Build.0 = Debug|Win32
		{7ECE2764-B14E-430F-B1E3-091EAA74052B}.Release|x64.ActiveCfg = Release|x64
		{7ECE2764-B14E-430F-B1E3-091EAA74052B}.Release|x64.Build.0 = Release|x64
		{7ECE2764-B14E-430F-B1E3-091EAA74052B}.Release|x86.ActiveCfg = Release|Win32
		{7ECE2764-B14E-430F-B1E3-091EAA74052B}.Release|x86.Build.0 = Release|Win32
		{214255C6-9B2E-43AB-B4BB-458FF6978C9E}.Debug|x64.ActiveCfg = Debug|x64
		{214255C6-9B2E-43AB-B4BB-458FF6978C9E}.Debug|x64.Build.0 = Debug|x64
		{214255C6-9B2E-43AB-B4BB-458FF6978C9E}.Debug|x86.ActiveCfg = Debug|Win32
		{214255C6-9B2E-43AB-B4BB-458FF6978C9E}.Debug|x86.Build.0 = Debug|Win32
		{214255C6-9B2E-43AB-B4BB-458FF6978C9E}.Release|x64.ActiveCfg = Release|x64
		{214255C6-9B2E-43AB-B4BB-458FF6978C9E}.Release|x64.Build.0 = Release|x64
		{214255C6-9B2E-43AB-B4BB-458FF6978C9E}.Release|x86.ActiveCfg = Release|Win32
		{214255C6-9B2E-43AB-B4BB-458FF6978C9E}.Release|x86.Build.0 = Release|Win32
		{D0A3C3A7-2646-46E6-AA22-2724E27CA705}.Debug|x64.ActiveCfg = Debug|x64
		{D0A3C3A7-2646-46E6-AA22-2724E27CA705}.Debug|x64.Build.0 = Debug|x64
		{D0A3C3A7-2646-46E6-AA22-2724E27CA705}.Debug|x86.ActiveCfg = Debug|Win32
		{D0A3C3A7-2646-46E6-AA22-2724E27CA705}.Debug|x86.Build.0 = Debug|Win32
		{D0A3C3A7-2646-46E6-AA22-2724E27CA705}.Release|x64.ActiveCfg = Release|x64
		{D0A3C3A7-2646-46E6-AA22-2724E27CA705}.Release|x64.Build.0 = Release|x64
		{D0A3C3A7-2646-46E6-AA22-2724E27CA705}.Release|x86.ActiveCfg = Release|Win32
		{D0A3C3A7-2646-46E6-AA22-2724E27CA705}.Release|x86.Build.0 = Release|Win32
		{04CF3F91-179B-4BAE-9208-CB479636D411}.Debug|x64.ActiveCfg = Debug|x64
		{04CF3F91-179B-4BAE-9208-CB479636D411}.Debug|x64.Build.0 = Debug|x64
		{04CF3F91-179B-4BAE-9208-CB479636D411}.Debug|x86.ActiveCfg = Debug|Win32
		{04CF3F91-179B-4BAE-9208-CB479636D411}.Debug|x86.Build.0 = Debug|Win32
		{04CF3F91-179B-4BAE-9208-CB479636D411}.Release|x64.ActiveCfg = Release|x64
		{04CF3F91-179B-4BAE-9208-CB479636D411}.Release|x64.Build.0 = Release|x64
		{04CF3F91-179B-4BAE-9208-CB479636D411}.Release|x86.ActiveCfg = Release|Win32
		{04CF3F91-179B-4BAE-9208-CB479636D411}.Release|x86.Build.0 = Release|Win32
		{3E6711E1-9ED3-487B-89AB-09AFECF5AE11}.Debug|x64.ActiveCfg = Debug|x64
		{3E6711E1-9ED3-487B-89AB-09AFECF5AE11}.Debug|x64.Build.0 = Debug|x64
		{3E6711E1-9ED3-487B-89AB-09AFECF5AE11}.Debug|x86.ActiveCfg = Debug|Win32
		{3E6711E1-9ED3-487B-89AB-09AFECF5AE11}.Debug|x86.Build.0 = Debug|Win32
		{3E6711E1-9ED3-487B-89AB-09AFECF5AE11}.Release|x64.ActiveCfg = Release|x64
		{3E6711E1-9ED3-487B-89AB-09AFECF5AE11}.Release|x64.Build.0 = Release|x64
		{3E6711E1-9ED3-487B-89AB-09AFECF5AE11}.Release|x86.ActiveCfg = Release|Win32
		{3E6711E1-9ED3-487B-89AB-09AFECF5AE11}.Release|x86.Build.0 = Release|Win32
		{B4585CB0-DF00-443F-9B10-3CCE91DC5F64}.Debug|x64.ActiveCfg = Debug|x64
		{B4585CB0-DF00-443F-9B10-3CCE91DC5F64}.Debug|x64.Build.0 = Debug|x64
		{B4585CB0-DF00-443F-9B10-3CCE91DC5F64}.Debug|x86.ActiveCfg = Debug|Win32
		{B4585CB0-DF00-443F-9B10-3CCE91DC5F64}.Debug|x86.Build.0 = Debug|Win32
		{B4585CB0-DF00-443F-9B10-3CCE91DC5F64}.Release|x64.ActiveCfg = Release|x64
		{B4585CB0-DF00-443F-9B10-3CCE91DC5F64}.Release|x64.Build.0 = Release|x64
		{B4585CB0-DF00-443F-9B10-3CCE91DC5F64}.Release|x86.ActiveCfg = Release|Win32
		{B4585CB0-DF00-443F-9B10-3CCE91DC5F64}.Release|x86.Build.0 = Release|Win32
		{5F0F5868-75E3-4844-8D1B-1C12FA5A7899}.Debug|x64.ActiveCfg = Debug|x64
		{5F0F5868-75E3-4844-8D1B-1C12FA5A7899}.Debug|x64.Build.0 = Debug|x64
		{5F0F5868-75E3-4844-8D1B-1C12FA5A7899}.Debug|x86.ActiveCfg = Debug|Win32
		{5F0F5868-75E3-4844-8D1B-1C12FA5A7899}.Debug|x86.Build.0 = Debug|Win32
		{5F0F5868-75E3-4844-8D1B-1C12FA5A7899}.Release|x64.ActiveCfg = Release|x64
		{5F0F5868-75E3-4844-8D1B-1C12FA5A7899}.Release|x64.Build.0 = Release|x64
		{5F0F5868-75E3-4844-8D1B-1C12FA5A7899}.Release|x86.ActiveCfg = Release|Win32
		{5F0F5868-75E3-4844-8D1B-1C12FA5A7899}.Release|x86.Build.0 = Release|Win32
	EndGlobalSection
	GlobalSection(SolutionProperties) = preSolution
		HideSolutionNode = FALSE
	EndGlobalSection
	GlobalSection(ExtensibilityGlobals) = postSolution
		SolutionGuid = {C0271F98-9261-45E0-A4E6-30BC2C37775E}
	EndGlobalSection
EndGlobal
